// !$*UTF8*$!
{
	archiveVersion = 1;
	classes = {
	};
	objectVersion = 50;
	objects = {

/* Begin PBXBuildFile section */
		AC86CC1A2434BA8D00140D05 /* AppDelegate.swift in Sources */ = {isa = PBXBuildFile; fileRef = AC86CC192434BA8D00140D05 /* AppDelegate.swift */; };
		AC86CC1C2434BA8D00140D05 /* SceneDelegate.swift in Sources */ = {isa = PBXBuildFile; fileRef = AC86CC1B2434BA8D00140D05 /* SceneDelegate.swift */; };
		AC86CC1E2434BA8D00140D05 /* ViewController.swift in Sources */ = {isa = PBXBuildFile; fileRef = AC86CC1D2434BA8D00140D05 /* ViewController.swift */; };
		AC86CC212434BA8D00140D05 /* Main.storyboard in Resources */ = {isa = PBXBuildFile; fileRef = AC86CC1F2434BA8D00140D05 /* Main.storyboard */; };
		AC86CC232434BA8E00140D05 /* Assets.xcassets in Resources */ = {isa = PBXBuildFile; fileRef = AC86CC222434BA8E00140D05 /* Assets.xcassets */; };
		AC86CC262434BA8E00140D05 /* LaunchScreen.storyboard in Resources */ = {isa = PBXBuildFile; fileRef = AC86CC242434BA8E00140D05 /* LaunchScreen.storyboard */; };
		AC94735F2435FDB300AAE1F9 /* DetailsViewController.swift in Sources */ = {isa = PBXBuildFile; fileRef = AC94735E2435FDB300AAE1F9 /* DetailsViewController.swift */; };
/* End PBXBuildFile section */

/* Begin PBXFileReference section */
		AC86CC162434BA8D00140D05 /* Swift100Milestone1.app */ = {isa = PBXFileReference; explicitFileType = wrapper.application; includeInIndex = 0; path = Swift100Milestone1.app; sourceTree = BUILT_PRODUCTS_DIR; };
		AC86CC192434BA8D00140D05 /* AppDelegate.swift */ = {isa = PBXFileReference; lastKnownFileType = sourcecode.swift; path = AppDelegate.swift; sourceTree = "<group>"; };
		AC86CC1B2434BA8D00140D05 /* SceneDelegate.swift */ = {isa = PBXFileReference; lastKnownFileType = sourcecode.swift; path = SceneDelegate.swift; sourceTree = "<group>"; };
		AC86CC1D2434BA8D00140D05 /* ViewController.swift */ = {isa = PBXFileReference; lastKnownFileType = sourcecode.swift; path = ViewController.swift; sourceTree = "<group>"; };
		AC86CC202434BA8D00140D05 /* Base */ = {isa = PBXFileReference; lastKnownFileType = file.storyboard; name = Base; path = Base.lproj/Main.storyboard; sourceTree = "<group>"; };
		AC86CC222434BA8E00140D05 /* Assets.xcassets */ = {isa = PBXFileReference; lastKnownFileType = folder.assetcatalog; path = Assets.xcassets; sourceTree = "<group>"; };
		AC86CC252434BA8E00140D05 /* Base */ = {isa = PBXFileReference; lastKnownFileType = file.storyboard; name = Base; path = Base.lproj/LaunchScreen.storyboard; sourceTree = "<group>"; };
		AC86CC272434BA8E00140D05 /* Info.plist */ = {isa = PBXFileReference; lastKnownFileType = text.plist.xml; path = Info.plist; sourceTree = "<group>"; };
		AC94735E2435FDB300AAE1F9 /* DetailsViewController.swift */ = {isa = PBXFileReference; lastKnownFileType = sourcecode.swift; path = DetailsViewController.swift; sourceTree = "<group>"; };
/* End PBXFileReference section */

/* Begin PBXFrameworksBuildPhase section */
		AC86CC132434BA8D00140D05 /* Frameworks */ = {
			isa = PBXFrameworksBuildPhase;
			buildActionMask = 2147483647;
			files = (
			);
			runOnlyForDeploymentPostprocessing = 0;
		};
/* End PBXFrameworksBuildPhase section */

/* Begin PBXGroup section */
		AC86CC0D2434BA8D00140D05 = {
			isa = PBXGroup;
			children = (
				AC86CC182434BA8D00140D05 /* Swift100Milestone1 */,
				AC86CC172434BA8D00140D05 /* Products */,
			);
			sourceTree = "<group>";
		};
		AC86CC172434BA8D00140D05 /* Products */ = {
			isa = PBXGroup;
			children = (
				AC86CC162434BA8D00140D05 /* Swift100Milestone1.app */,
			);
			name = Products;
			sourceTree = "<group>";
		};
		AC86CC182434BA8D00140D05 /* Swift100Milestone1 */ = {
			isa = PBXGroup;
			children = (
				AC86CC192434BA8D00140D05 /* AppDelegate.swift */,
				AC86CC1B2434BA8D00140D05 /* SceneDelegate.swift */,
				AC86CC1D2434BA8D00140D05 /* ViewController.swift */,
				AC94735E2435FDB300AAE1F9 /* DetailsViewController.swift */,
				AC86CC1F2434BA8D00140D05 /* Main.storyboard */,
				AC86CC222434BA8E00140D05 /* Assets.xcassets */,
				AC86CC242434BA8E00140D05 /* LaunchScreen.storyboard */,
				AC86CC272434BA8E00140D05 /* Info.plist */,
			);
			path = Swift100Milestone1;
			sourceTree = "<group>";
		};
/* End PBXGroup section */

/* Begin PBXNativeTarget section */
		AC86CC152434BA8D00140D05 /* Swift100Milestone1 */ = {
			isa = PBXNativeTarget;
			buildConfigurationList = AC86CC2A2434BA8E00140D05 /* Build configuration list for PBXNativeTarget "Swift100Milestone1" */;
			buildPhases = (
				AC86CC122434BA8D00140D05 /* Sources */,
				AC86CC132434BA8D00140D05 /* Frameworks */,
				AC86CC142434BA8D00140D05 /* Resources */,
			);
			buildRules = (
			);
			dependencies = (
			);
			name = Swift100Milestone1;
			productName = Swift100Milestone1;
			productReference = AC86CC162434BA8D00140D05 /* Swift100Milestone1.app */;
			productType = "com.apple.product-type.application";
		};
/* End PBXNativeTarget section */

/* Begin PBXProject section */
		AC86CC0E2434BA8D00140D05 /* Project object */ = {
			isa = PBXProject;
			attributes = {
				LastSwiftUpdateCheck = 1130;
				LastUpgradeCheck = 1130;
				ORGANIZATIONNAME = "Jay A.";
				TargetAttributes = {
					AC86CC152434BA8D00140D05 = {
						CreatedOnToolsVersion = 11.3.1;
					};
				};
			};
			buildConfigurationList = AC86CC112434BA8D00140D05 /* Build configuration list for PBXProject "Swift100Milestone1" */;
			compatibilityVersion = "Xcode 9.3";
			developmentRegion = en;
			hasScannedForEncodings = 0;
			knownRegions = (
				en,
				Base,
			);
			mainGroup = AC86CC0D2434BA8D00140D05;
			productRefGroup = AC86CC172434BA8D00140D05 /* Products */;
			projectDirPath = "";
			projectRoot = "";
			targets = (
				AC86CC152434BA8D00140D05 /* Swift100Milestone1 */,
			);
		};
/* End PBXProject section */

/* Begin PBXResourcesBuildPhase section */
		AC86CC142434BA8D00140D05 /* Resources */ = {
			isa = PBXResourcesBuildPhase;
			buildActionMask = 2147483647;
			files = (
				AC86CC262434BA8E00140D05 /* LaunchScreen.storyboard in Resources */,
				AC86CC232434BA8E00140D05 /* Assets.xcassets in Resources */,
				AC86CC212434BA8D00140D05 /* Main.storyboard in Resources */,
			);
			runOnlyForDeploymentPostprocessing = 0;
		};
/* End PBXResourcesBuildPhase section */

/* Begin PBXSourcesBuildPhase section */
		AC86CC122434BA8D00140D05 /* Sources */ = {
			isa = PBXSourcesBuildPhase;
			buildActionMask = 2147483647;
			files = (
				AC86CC1E2434BA8D00140D05 /* ViewController.swift in Sources */,
				AC86CC1A2434BA8D00140D05 /* AppDelegate.swift in Sources */,
				AC86CC1C2434BA8D00140D05 /* SceneDelegate.swift in Sources */,
				AC94735F2435FDB300AAE1F9 /* DetailsViewController.swift in Sources */,
			);
			runOnlyForDeploymentPostprocessing = 0;
		};
/* End PBXSourcesBuildPhase section */

/* Begin PBXVariantGroup section */
		AC86CC1F2434BA8D00140D05 /* Main.storyboard */ = {
			isa = PBXVariantGroup;
			children = (
				AC86CC202434BA8D00140D05 /* Base */,
			);
			name = Main.storyboard;
			sourceTree = "<group>";
		};
		AC86CC242434BA8E00140D05 /* LaunchScreen.storyboard */ = {
			isa = PBXVariantGroup;
			children = (
				AC86CC252434BA8E00140D05 /* Base */,
			);
			name = LaunchScreen.storyboard;
			sourceTree = "<group>";
		};
/* End PBXVariantGroup section */

/* Begin XCBuildConfiguration section */
		AC86CC282434BA8E00140D05 /* Debug */ = {
			isa = XCBuildConfiguration;
			buildSettings = {
				ALWAYS_SEARCH_USER_PATHS = NO;
				CLANG_ANALYZER_NONNULL = YES;
				CLANG_ANALYZER_NUMBER_OBJECT_CONVERSION = YES_AGGRESSIVE;
				CLANG_CXX_LANGUAGE_STANDARD = "gnu++14";
				CLANG_CXX_LIBRARY = "libc++";
				CLANG_ENABLE_MODULES = YES;
				CLANG_ENABLE_OBJC_ARC = YES;
				CLANG_ENABLE_OBJC_WEAK = YES;
				CLANG_WARN_BLOCK_CAPTURE_AUTORELEASING = YES;
				CLANG_WARN_BOOL_CONVERSION = YES;
				CLANG_WARN_COMMA = YES;
				CLANG_WARN_CONSTANT_CONVERSION = YES;
				CLANG_WARN_DEPRECATED_OBJC_IMPLEMENTATIONS = YES;
				CLANG_WARN_DIRECT_OBJC_ISA_USAGE = YES_ERROR;
				CLANG_WARN_DOCUMENTATION_COMMENTS = YES;
				CLANG_WARN_EMPTY_BODY = YES;
				CLANG_WARN_ENUM_CONVERSION = YES;
				CLANG_WARN_INFINITE_RECURSION = YES;
				CLANG_WARN_INT_CONVERSION = YES;
				CLANG_WARN_NON_LITERAL_NULL_CONVERSION = YES;
				CLANG_WARN_OBJC_IMPLICIT_RETAIN_SELF = YES;
				CLANG_WARN_OBJC_LITERAL_CONVERSION = YES;
				CLANG_WARN_OBJC_ROOT_CLASS = YES_ERROR;
				CLANG_WARN_RANGE_LOOP_ANALYSIS = YES;
				CLANG_WARN_STRICT_PROTOTYPES = YES;
				CLANG_WARN_SUSPICIOUS_MOVE = YES;
				CLANG_WARN_UNGUARDED_AVAILABILITY = YES_AGGRESSIVE;
				CLANG_WARN_UNREACHABLE_CODE = YES;
				CLANG_WARN__DUPLICATE_METHOD_MATCH = YES;
				COPY_PHASE_STRIP = NO;
				DEBUG_INFORMATION_FORMAT = dwarf;
				ENABLE_STRICT_OBJC_MSGSEND = YES;
				ENABLE_TESTABILITY = YES;
				GCC_C_LANGUAGE_STANDARD = gnu11;
				GCC_DYNAMIC_NO_PIC = NO;
				GCC_NO_COMMON_BLOCKS = YES;
				GCC_OPTIMIZATION_LEVEL = 0;
				GCC_PREPROCESSOR_DEFINITIONS = (
					"DEBUG=1",
					"$(inherited)",
				);
				GCC_WARN_64_TO_32_BIT_CONVERSION = YES;
				GCC_WARN_ABOUT_RETURN_TYPE = YES_ERROR;
				GCC_WARN_UNDECLARED_SELECTOR = YES;
				GCC_WARN_UNINITIALIZED_AUTOS = YES_AGGRESSIVE;
				GCC_WARN_UNUSED_FUNCTION = YES;
				GCC_WARN_UNUSED_VARIABLE = YES;
				IPHONEOS_DEPLOYMENT_TARGET = 13.2;
				MTL_ENABLE_DEBUG_INFO = INCLUDE_SOURCE;
				MTL_FAST_MATH = YES;
				ONLY_ACTIVE_ARCH = YES;
				SDKROOT = iphoneos;
				SWIFT_ACTIVE_COMPILATION_CONDITIONS = DEBUG;
				SWIFT_OPTIMIZATION_LEVEL = "-Onone";
			};
			name = Debug;
		};
		AC86CC292434BA8E00140D05 /* Release */ = {
			isa = XCBuildConfiguration;
			buildSettings = {
				ALWAYS_SEARCH_USER_PATHS = NO;
				CLANG_ANALYZER_NONNULL = YES;
				CLANG_ANALYZER_NUMBER_OBJECT_CONVERSION = YES_AGGRESSIVE;
				CLANG_CXX_LANGUAGE_STANDARD = "gnu++14";
				CLANG_CXX_LIBRARY = "libc++";
				CLANG_ENABLE_MODULES = YES;
				CLANG_ENABLE_OBJC_ARC = YES;
				CLANG_ENABLE_OBJC_WEAK = YES;
				CLANG_WARN_BLOCK_CAPTURE_AUTORELEASING = YES;
				CLANG_WARN_BOOL_CONVERSION = YES;
				CLANG_WARN_COMMA = YES;
				CLANG_WARN_CONSTANT_CONVERSION = YES;
				CLANG_WARN_DEPRECATED_OBJC_IMPLEMENTATIONS = YES;
				CLANG_WARN_DIRECT_OBJC_ISA_USAGE = YES_ERROR;
				CLANG_WARN_DOCUMENTATION_COMMENTS = YES;
				CLANG_WARN_EMPTY_BODY = YES;
				CLANG_WARN_ENUM_CONVERSION = YES;
				CLANG_WARN_INFINITE_RECURSION = YES;
				CLANG_WARN_INT_CONVERSION = YES;
				CLANG_WARN_NON_LITERAL_NULL_CONVERSION = YES;
				CLANG_WARN_OBJC_IMPLICIT_RETAIN_SELF = YES;
				CLANG_WARN_OBJC_LITERAL_CONVERSION = YES;
				CLANG_WARN_OBJC_ROOT_CLASS = YES_ERROR;
				CLANG_WARN_RANGE_LOOP_ANALYSIS = YES;
				CLANG_WARN_STRICT_PROTOTYPES = YES;
				CLANG_WARN_SUSPICIOUS_MOVE = YES;
				CLANG_WARN_UNGUARDED_AVAILABILITY = YES_AGGRESSIVE;
				CLANG_WARN_UNREACHABLE_CODE = YES;
				CLANG_WARN__DUPLICATE_METHOD_MATCH = YES;
				COPY_PHASE_STRIP = NO;
				DEBUG_INFORMATION_FORMAT = "dwarf-with-dsym";
				ENABLE_NS_ASSERTIONS = NO;
				ENABLE_STRICT_OBJC_MSGSEND = YES;
				GCC_C_LANGUAGE_STANDARD = gnu11;
				GCC_NO_COMMON_BLOCKS = YES;
				GCC_WARN_64_TO_32_BIT_CONVERSION = YES;
				GCC_WARN_ABOUT_RETURN_TYPE = YES_ERROR;
				GCC_WARN_UNDECLARED_SELECTOR = YES;
				GCC_WARN_UNINITIALIZED_AUTOS = YES_AGGRESSIVE;
				GCC_WARN_UNUSED_FUNCTION = YES;
				GCC_WARN_UNUSED_VARIABLE = YES;
				IPHONEOS_DEPLOYMENT_TARGET = 13.2;
				MTL_ENABLE_DEBUG_INFO = NO;
				MTL_FAST_MATH = YES;
				SDKROOT = iphoneos;
				SWIFT_COMPILATION_MODE = wholemodule;
				SWIFT_OPTIMIZATION_LEVEL = "-O";
				VALIDATE_PRODUCT = YES;
			};
			name = Release;
		};
		AC86CC2B2434BA8E00140D05 /* Debug */ = {
			isa = XCBuildConfiguration;
			buildSettings = {
				ASSETCATALOG_COMPILER_APPICON_NAME = AppIcon;
				CODE_SIGN_STYLE = Automatic;
				DEVELOPMENT_TEAM = J83753GZ93;
				INFOPLIST_FILE = Swift100Milestone1/Info.plist;
				LD_RUNPATH_SEARCH_PATHS = (
					"$(inherited)",
					"@executable_path/Frameworks",
				);
				PRODUCT_BUNDLE_IDENTIFIER = com.clyrko.Swift100Milestone1;
				PRODUCT_NAME = "$(TARGET_NAME)";
				SWIFT_VERSION = 5.0;
				TARGETED_DEVICE_FAMILY = "1,2";
			};
			name = Debug;
		};
		AC86CC2C2434BA8E00140D05 /* Release */ = {
			isa = XCBuildConfiguration;
			buildSettings = {
				ASSETCATALOG_COMPILER_APPICON_NAME = AppIcon;
				CODE_SIGN_STYLE = Automatic;
				DEVELOPMENT_TEAM = J83753GZ93;
				INFOPLIST_FILE = Swift100Milestone1/Info.plist;
				LD_RUNPATH_SEARCH_PATHS = (
					"$(inherited)",
					"@executable_path/Frameworks",
				);
				PRODUCT_BUNDLE_IDENTIFIER = com.clyrko.Swift100Milestone1;
				PRODUCT_NAME = "$(TARGET_NAME)";
				SWIFT_VERSION = 5.0;
				TARGETED_DEVICE_FAMILY = "1,2";
			};
			name = Release;
		};
/* End XCBuildConfiguration section */

/* Begin XCConfigurationList section */
		AC86CC112434BA8D00140D05 /* Build configuration list for PBXProject "Swift100Milestone1" */ = {
			isa = XCConfigurationList;
			buildConfigurations = (
				AC86CC282434BA8E00140D05 /* Debug */,
				AC86CC292434BA8E00140D05 /* Release */,
			);
			defaultConfigurationIsVisible = 0;
			defaultConfigurationName = Release;
		};
		AC86CC2A2434BA8E00140D05 /* Build configuration list for PBXNativeTarget "Swift100Milestone1" */ = {
			isa = XCConfigurationList;
			buildConfigurations = (
				AC86CC2B2434BA8E00140D05 /* Debug */,
				AC86CC2C2434BA8E00140D05 /* Release */,
			);
			defaultConfigurationIsVisible = 0;
			defaultConfigurationName = Release;
		};
/* End XCConfigurationList section */
	};
	rootObject = AC86CC0E2434BA8D00140D05 /* Project object */;
}
